
Microsoft Visual Studio Solution File, Format Version 12.00
# Visual Studio 15
VisualStudioVersion = 15.0.28307.421
MinimumVisualStudioVersion = 10.0.40219.1
Project("{8BC9CEB8-8B4A-11D0-8D11-00A0C91BC942}") = "V1.3.1", "V1.3.1\V1.3.1.vcxproj", "{0D4CF741-3E09-4B0C-8AA9-2A5DFE2B3E68}"
EndProject
Global
	GlobalSection(SolutionConfigurationPlatforms) = preSolution
		Debug|x64 = Debug|x64
		Debug|x86 = Debug|x86
		Release|x64 = Release|x64
		Release|x86 = Release|x86
	EndGlobalSection
	GlobalSection(ProjectConfigurationPlatforms) = postSolution
		{0D4CF741-3E09-4B0C-8AA9-2A5DFE2B3E68}.Debug|x64.ActiveCfg = Debug|x64
		{0D4CF741-3E09-4B0C-8AA9-2A5DFE2B3E68}.Debug|x64.Build.0 = Debug|x64
		{0D4CF741-3E09-4B0C-8AA9-2A5DFE2B3E68}.Debug|x86.ActiveCfg = Debug|Win32
		{0D4CF741-3E09-4B0C-8AA9-2A5DFE2B3E68}.Debug|x86.Build.0 = Debug|Win32
		{0D4CF741-3E09-4B0C-8AA9-2A5DFE2B3E68}.Release|x64.ActiveCfg = Release|x64
		{0D4CF741-3E09-4B0C-8AA9-2A5DFE2B3E68}.Release|x64.Build.0 = Release|x64
		{0D4CF741-3E09-4B0C-8AA9-2A5DFE2B3E68}.Release|x86.ActiveCfg = Release|Win32
		{0D4CF741-3E09-4B0C-8AA9-2A5DFE2B3E68}.Release|x86.Build.0 = Release|Win32
	EndGlobalSection
	GlobalSection(SolutionProperties) = preSolution
		HideSolutionNode = FALSE
	EndGlobalSection
	GlobalSection(ExtensibilityGlobals) = postSolution
		SolutionGuid = {42053655-A44E-44BB-93EC-BEA8B5D584E8}
	EndGlobalSection
EndGlobal
